
Microsoft Visual Studio Solution File, Format Version 12.00
# Visual Studio 15
Project("{FAE04EC0-301F-11D3-BF4B-00C04F79EFBC}") = "Assembly-CSharp", "Assembly-CSharp.csproj", "{C00EE4A1-F8A7-092B-1E1B-461F7F765F2D}"
EndProject
Project("{FAE04EC0-301F-11D3-BF4B-00C04F79EFBC}") = "Assembly-CSharp-Editor", "Assembly-CSharp-Editor.csproj", "{D935C615-DC2B-B64B-CF54-222B820F2147}"
EndProject
Project("{FAE04EC0-301F-11D3-BF4B-00C04F79EFBC}") = "GoogleMobileAds.Editor", "GoogleMobileAds.Editor.csproj", "{89EF2EE8-27A0-A51E-6249-9D7F53E57306}"
EndProject
Global
	GlobalSection(SolutionConfigurationPlatforms) = preSolution
		Debug|Any CPU = Debug|Any CPU
		Release|Any CPU = Release|Any CPU
	EndGlobalSection
	GlobalSection(ProjectConfigurationPlatforms) = postSolution
		{C00EE4A1-F8A7-092B-1E1B-461F7F765F2D}.Debug|Any CPU.ActiveCfg = Debug|Any CPU
		{C00EE4A1-F8A7-092B-1E1B-461F7F765F2D}.Debug|Any CPU.Build.0 = Debug|Any CPU
		{C00EE4A1-F8A7-092B-1E1B-461F7F765F2D}.Release|Any CPU.ActiveCfg = Release|Any CPU
		{C00EE4A1-F8A7-092B-1E1B-461F7F765F2D}.Release|Any CPU.Build.0 = Release|Any CPU
		{D935C615-DC2B-B64B-CF54-222B820F2147}.Debug|Any CPU.ActiveCfg = Debug|Any CPU
		{D935C615-DC2B-B64B-CF54-222B820F2147}.Debug|Any CPU.Build.0 = Debug|Any CPU
		{D935C615-DC2B-B64B-CF54-222B820F2147}.Release|Any CPU.ActiveCfg = Release|Any CPU
		{D935C615-DC2B-B64B-CF54-222B820F2147}.Release|Any CPU.Build.0 = Release|Any CPU
		{89EF2EE8-27A0-A51E-6249-9D7F53E57306}.Debug|Any CPU.ActiveCfg = Debug|Any CPU
		{89EF2EE8-27A0-A51E-6249-9D7F53E57306}.Debug|Any CPU.Build.0 = Debug|Any CPU
		{89EF2EE8-27A0-A51E-6249-9D7F53E57306}.Release|Any CPU.ActiveCfg = Release|Any CPU
		{89EF2EE8-27A0-A51E-6249-9D7F53E57306}.Release|Any CPU.Build.0 = Release|Any CPU
	EndGlobalSection
	GlobalSection(SolutionProperties) = preSolution
		HideSolutionNode = FALSE
	EndGlobalSection
EndGlobal
